// !$*UTF8*$!
{
	archiveVersion = 1;
	classes = {
	};
	objectVersion = 55;
	objects = {

/* Begin PBXBuildFile section */
		18AB4946287B439A00D3546B /* AppDelegate.swift in Sources */ = {isa = PBXBuildFile; fileRef = 18AB4945287B439A00D3546B /* AppDelegate.swift */; };
		18AB4948287B439A00D3546B /* SceneDelegate.swift in Sources */ = {isa = PBXBuildFile; fileRef = 18AB4947287B439A00D3546B /* SceneDelegate.swift */; };
		18AB494A287B439A00D3546B /* ViewController.swift in Sources */ = {isa = PBXBuildFile; fileRef = 18AB4949287B439A00D3546B /* ViewController.swift */; };
		18AB494D287B439A00D3546B /* Main.storyboard in Resources */ = {isa = PBXBuildFile; fileRef = 18AB494B287B439A00D3546B /* Main.storyboard */; };
		18AB494F287B439B00D3546B /* Assets.xcassets in Resources */ = {isa = PBXBuildFile; fileRef = 18AB494E287B439B00D3546B /* Assets.xcassets */; };
		18AB4952287B439B00D3546B /* LaunchScreen.storyboard in Resources */ = {isa = PBXBuildFile; fileRef = 18AB4950287B439B00D3546B /* LaunchScreen.storyboard */; };
		18AB495D287B439B00D3546B /* GameOfLifeTests.swift in Sources */ = {isa = PBXBuildFile; fileRef = 18AB495C287B439B00D3546B /* GameOfLifeTests.swift */; };
		18AB4967287B439B00D3546B /* GameOfLifeUITests.swift in Sources */ = {isa = PBXBuildFile; fileRef = 18AB4966287B439B00D3546B /* GameOfLifeUITests.swift */; };
		18AB4969287B439B00D3546B /* GameOfLifeUITestsLaunchTests.swift in Sources */ = {isa = PBXBuildFile; fileRef = 18AB4968287B439B00D3546B /* GameOfLifeUITestsLaunchTests.swift */; };
/* End PBXBuildFile section */

/* Begin PBXContainerItemProxy section */
		18AB4959287B439B00D3546B /* PBXContainerItemProxy */ = {
			isa = PBXContainerItemProxy;
			containerPortal = 18AB493A287B439A00D3546B /* Project object */;
			proxyType = 1;
			remoteGlobalIDString = 18AB4941287B439A00D3546B;
			remoteInfo = GameOfLife;
		};
		18AB4963287B439B00D3546B /* PBXContainerItemProxy */ = {
			isa = PBXContainerItemProxy;
			containerPortal = 18AB493A287B439A00D3546B /* Project object */;
			proxyType = 1;
			remoteGlobalIDString = 18AB4941287B439A00D3546B;
			remoteInfo = GameOfLife;
		};
/* End PBXContainerItemProxy section */

/* Begin PBXFileReference section */
		18AB4942287B439A00D3546B /* GameOfLife.app */ = {isa = PBXFileReference; explicitFileType = wrapper.application; includeInIndex = 0; path = GameOfLife.app; sourceTree = BUILT_PRODUCTS_DIR; };
		18AB4945287B439A00D3546B /* AppDelegate.swift */ = {isa = PBXFileReference; lastKnownFileType = sourcecode.swift; path = AppDelegate.swift; sourceTree = "<group>"; };
		18AB4947287B439A00D3546B /* SceneDelegate.swift */ = {isa = PBXFileReference; lastKnownFileType = sourcecode.swift; path = SceneDelegate.swift; sourceTree = "<group>"; };
		18AB4949287B439A00D3546B /* ViewController.swift */ = {isa = PBXFileReference; lastKnownFileType = sourcecode.swift; path = ViewController.swift; sourceTree = "<group>"; };
		18AB494C287B439A00D3546B /* Base */ = {isa = PBXFileReference; lastKnownFileType = file.storyboard; name = Base; path = Base.lproj/Main.storyboard; sourceTree = "<group>"; };
		18AB494E287B439B00D3546B /* Assets.xcassets */ = {isa = PBXFileReference; lastKnownFileType = folder.assetcatalog; path = Assets.xcassets; sourceTree = "<group>"; };
		18AB4951287B439B00D3546B /* Base */ = {isa = PBXFileReference; lastKnownFileType = file.storyboard; name = Base; path = Base.lproj/LaunchScreen.storyboard; sourceTree = "<group>"; };
		18AB4953287B439B00D3546B /* Info.plist */ = {isa = PBXFileReference; lastKnownFileType = text.plist.xml; path = Info.plist; sourceTree = "<group>"; };
		18AB4958287B439B00D3546B /* GameOfLifeTests.xctest */ = {isa = PBXFileReference; explicitFileType = wrapper.cfbundle; includeInIndex = 0; path = GameOfLifeTests.xctest; sourceTree = BUILT_PRODUCTS_DIR; };
		18AB495C287B439B00D3546B /* GameOfLifeTests.swift */ = {isa = PBXFileReference; lastKnownFileType = sourcecode.swift; path = GameOfLifeTests.swift; sourceTree = "<group>"; };
		18AB4962287B439B00D3546B /* GameOfLifeUITests.xctest */ = {isa = PBXFileReference; explicitFileType = wrapper.cfbundle; includeInIndex = 0; path = GameOfLifeUITests.xctest; sourceTree = BUILT_PRODUCTS_DIR; };
		18AB4966287B439B00D3546B /* GameOfLifeUITests.swift */ = {isa = PBXFileReference; lastKnownFileType = sourcecode.swift; path = GameOfLifeUITests.swift; sourceTree = "<group>"; };
		18AB4968287B439B00D3546B /* GameOfLifeUITestsLaunchTests.swift */ = {isa = PBXFileReference; lastKnownFileType = sourcecode.swift; path = GameOfLifeUITestsLaunchTests.swift; sourceTree = "<group>"; };
/* End PBXFileReference section */

/* Begin PBXFrameworksBuildPhase section */
		18AB493F287B439A00D3546B /* Frameworks */ = {
			isa = PBXFrameworksBuildPhase;
			buildActionMask = 2147483647;
			files = (
			);
			runOnlyForDeploymentPostprocessing = 0;
		};
		18AB4955287B439B00D3546B /* Frameworks */ = {
			isa = PBXFrameworksBuildPhase;
			buildActionMask = 2147483647;
			files = (
			);
			runOnlyForDeploymentPostprocessing = 0;
		};
		18AB495F287B439B00D3546B /* Frameworks */ = {
			isa = PBXFrameworksBuildPhase;
			buildActionMask = 2147483647;
			files = (
			);
			runOnlyForDeploymentPostprocessing = 0;
		};
/* End PBXFrameworksBuildPhase section */

/* Begin PBXGroup section */
		18AB4939287B439A00D3546B = {
			isa = PBXGroup;
			children = (
				18AB4944287B439A00D3546B /* GameOfLife */,
				18AB495B287B439B00D3546B /* GameOfLifeTests */,
				18AB4965287B439B00D3546B /* GameOfLifeUITests */,
				18AB4943287B439A00D3546B /* Products */,
			);
			sourceTree = "<group>";
		};
		18AB4943287B439A00D3546B /* Products */ = {
			isa = PBXGroup;
			children = (
				18AB4942287B439A00D3546B /* GameOfLife.app */,
				18AB4958287B439B00D3546B /* GameOfLifeTests.xctest */,
				18AB4962287B439B00D3546B /* GameOfLifeUITests.xctest */,
			);
			name = Products;
			sourceTree = "<group>";
		};
		18AB4944287B439A00D3546B /* GameOfLife */ = {
			isa = PBXGroup;
			children = (
				18AB4945287B439A00D3546B /* AppDelegate.swift */,
				18AB4947287B439A00D3546B /* SceneDelegate.swift */,
				18AB4949287B439A00D3546B /* ViewController.swift */,
				18AB494B287B439A00D3546B /* Main.storyboard */,
				18AB494E287B439B00D3546B /* Assets.xcassets */,
				18AB4950287B439B00D3546B /* LaunchScreen.storyboard */,
				18AB4953287B439B00D3546B /* Info.plist */,
			);
			path = GameOfLife;
			sourceTree = "<group>";
		};
		18AB495B287B439B00D3546B /* GameOfLifeTests */ = {
			isa = PBXGroup;
			children = (
				18AB495C287B439B00D3546B /* GameOfLifeTests.swift */,
			);
			path = GameOfLifeTests;
			sourceTree = "<group>";
		};
		18AB4965287B439B00D3546B /* GameOfLifeUITests */ = {
			isa = PBXGroup;
			children = (
				18AB4966287B439B00D3546B /* GameOfLifeUITests.swift */,
				18AB4968287B439B00D3546B /* GameOfLifeUITestsLaunchTests.swift */,
			);
			path = GameOfLifeUITests;
			sourceTree = "<group>";
		};
/* End PBXGroup section */

/* Begin PBXNativeTarget section */
		18AB4941287B439A00D3546B /* GameOfLife */ = {
			isa = PBXNativeTarget;
			buildConfigurationList = 18AB496C287B439B00D3546B /* Build configuration list for PBXNativeTarget "GameOfLife" */;
			buildPhases = (
				18AB493E287B439A00D3546B /* Sources */,
				18AB493F287B439A00D3546B /* Frameworks */,
				18AB4940287B439A00D3546B /* Resources */,
			);
			buildRules = (
			);
			dependencies = (
			);
			name = GameOfLife;
			productName = GameOfLife;
			productReference = 18AB4942287B439A00D3546B /* GameOfLife.app */;
			productType = "com.apple.product-type.application";
		};
		18AB4957287B439B00D3546B /* GameOfLifeTests */ = {
			isa = PBXNativeTarget;
			buildConfigurationList = 18AB496F287B439B00D3546B /* Build configuration list for PBXNativeTarget "GameOfLifeTests" */;
			buildPhases = (
				18AB4954287B439B00D3546B /* Sources */,
				18AB4955287B439B00D3546B /* Frameworks */,
				18AB4956287B439B00D3546B /* Resources */,
			);
			buildRules = (
			);
			dependencies = (
				18AB495A287B439B00D3546B /* PBXTargetDependency */,
			);
			name = GameOfLifeTests;
			productName = GameOfLifeTests;
			productReference = 18AB4958287B439B00D3546B /* GameOfLifeTests.xctest */;
			productType = "com.apple.product-type.bundle.unit-test";
		};
		18AB4961287B439B00D3546B /* GameOfLifeUITests */ = {
			isa = PBXNativeTarget;
			buildConfigurationList = 18AB4972287B439B00D3546B /* Build configuration list for PBXNativeTarget "GameOfLifeUITests" */;
			buildPhases = (
				18AB495E287B439B00D3546B /* Sources */,
				18AB495F287B439B00D3546B /* Frameworks */,
				18AB4960287B439B00D3546B /* Resources */,
			);
			buildRules = (
			);
			dependencies = (
				18AB4964287B439B00D3546B /* PBXTargetDependency */,
			);
			name = GameOfLifeUITests;
			productName = GameOfLifeUITests;
			productReference = 18AB4962287B439B00D3546B /* GameOfLifeUITests.xctest */;
			productType = "com.apple.product-type.bundle.ui-testing";
		};
/* End PBXNativeTarget section */

/* Begin PBXProject section */
		18AB493A287B439A00D3546B /* Project object */ = {
			isa = PBXProject;
			attributes = {
				BuildIndependentTargetsInParallel = 1;
				LastSwiftUpdateCheck = 1330;
				LastUpgradeCheck = 1330;
				TargetAttributes = {
					18AB4941287B439A00D3546B = {
						CreatedOnToolsVersion = 13.3.1;
					};
					18AB4957287B439B00D3546B = {
						CreatedOnToolsVersion = 13.3.1;
						TestTargetID = 18AB4941287B439A00D3546B;
					};
					18AB4961287B439B00D3546B = {
						CreatedOnToolsVersion = 13.3.1;
						TestTargetID = 18AB4941287B439A00D3546B;
					};
				};
			};
			buildConfigurationList = 18AB493D287B439A00D3546B /* Build configuration list for PBXProject "GameOfLife" */;
			compatibilityVersion = "Xcode 13.0";
			developmentRegion = en;
			hasScannedForEncodings = 0;
			knownRegions = (
				en,
				Base,
			);
			mainGroup = 18AB4939287B439A00D3546B;
			productRefGroup = 18AB4943287B439A00D3546B /* Products */;
			projectDirPath = "";
			projectRoot = "";
			targets = (
				18AB4941287B439A00D3546B /* GameOfLife */,
				18AB4957287B439B00D3546B /* GameOfLifeTests */,
				18AB4961287B439B00D3546B /* GameOfLifeUITests */,
			);
		};
/* End PBXProject section */

/* Begin PBXResourcesBuildPhase section */
		18AB4940287B439A00D3546B /* Resources */ = {
			isa = PBXResourcesBuildPhase;
			buildActionMask = 2147483647;
			files = (
				18AB4952287B439B00D3546B /* LaunchScreen.storyboard in Resources */,
				18AB494F287B439B00D3546B /* Assets.xcassets in Resources */,
				18AB494D287B439A00D3546B /* Main.storyboard in Resources */,
			);
			runOnlyForDeploymentPostprocessing = 0;
		};
		18AB4956287B439B00D3546B /* Resources */ = {
			isa = PBXResourcesBuildPhase;
			buildActionMask = 2147483647;
			files = (
			);
			runOnlyForDeploymentPostprocessing = 0;
		};
		18AB4960287B439B00D3546B /* Resources */ = {
			isa = PBXResourcesBuildPhase;
			buildActionMask = 2147483647;
			files = (
			);
			runOnlyForDeploymentPostprocessing = 0;
		};
/* End PBXResourcesBuildPhase section */

/* Begin PBXSourcesBuildPhase section */
		18AB493E287B439A00D3546B /* Sources */ = {
			isa = PBXSourcesBuildPhase;
			buildActionMask = 2147483647;
			files = (
				18AB494A287B439A00D3546B /* ViewController.swift in Sources */,
				18AB4946287B439A00D3546B /* AppDelegate.swift in Sources */,
				18AB4948287B439A00D3546B /* SceneDelegate.swift in Sources */,
			);
			runOnlyForDeploymentPostprocessing = 0;
		};
		18AB4954287B439B00D3546B /* Sources */ = {
			isa = PBXSourcesBuildPhase;
			buildActionMask = 2147483647;
			files = (
				18AB495D287B439B00D3546B /* GameOfLifeTests.swift in Sources */,
			);
			runOnlyForDeploymentPostprocessing = 0;
		};
		18AB495E287B439B00D3546B /* Sources */ = {
			isa = PBXSourcesBuildPhase;
			buildActionMask = 2147483647;
			files = (
				18AB4967287B439B00D3546B /* GameOfLifeUITests.swift in Sources */,
				18AB4969287B439B00D3546B /* GameOfLifeUITestsLaunchTests.swift in Sources */,
			);
			runOnlyForDeploymentPostprocessing = 0;
		};
/* End PBXSourcesBuildPhase section */

/* Begin PBXTargetDependency section */
		18AB495A287B439B00D3546B /* PBXTargetDependency */ = {
			isa = PBXTargetDependency;
			target = 18AB4941287B439A00D3546B /* GameOfLife */;
			targetProxy = 18AB4959287B439B00D3546B /* PBXContainerItemProxy */;
		};
		18AB4964287B439B00D3546B /* PBXTargetDependency */ = {
			isa = PBXTargetDependency;
			target = 18AB4941287B439A00D3546B /* GameOfLife */;
			targetProxy = 18AB4963287B439B00D3546B /* PBXContainerItemProxy */;
		};
/* End PBXTargetDependency section */

/* Begin PBXVariantGroup section */
		18AB494B287B439A00D3546B /* Main.storyboard */ = {
			isa = PBXVariantGroup;
			children = (
				18AB494C287B439A00D3546B /* Base */,
			);
			name = Main.storyboard;
			sourceTree = "<group>";
		};
		18AB4950287B439B00D3546B /* LaunchScreen.storyboard */ = {
			isa = PBXVariantGroup;
			children = (
				18AB4951287B439B00D3546B /* Base */,
			);
			name = LaunchScreen.storyboard;
			sourceTree = "<group>";
		};
/* End PBXVariantGroup section */

/* Begin XCBuildConfiguration section */
		18AB496A287B439B00D3546B /* Debug */ = {
			isa = XCBuildConfiguration;
			buildSettings = {
				ALWAYS_SEARCH_USER_PATHS = NO;
				CLANG_ANALYZER_NONNULL = YES;
				CLANG_ANALYZER_NUMBER_OBJECT_CONVERSION = YES_AGGRESSIVE;
				CLANG_CXX_LANGUAGE_STANDARD = "gnu++17";
				CLANG_ENABLE_MODULES = YES;
				CLANG_ENABLE_OBJC_ARC = YES;
				CLANG_ENABLE_OBJC_WEAK = YES;
				CLANG_WARN_BLOCK_CAPTURE_AUTORELEASING = YES;
				CLANG_WARN_BOOL_CONVERSION = YES;
				CLANG_WARN_COMMA = YES;
				CLANG_WARN_CONSTANT_CONVERSION = YES;
				CLANG_WARN_DEPRECATED_OBJC_IMPLEMENTATIONS = YES;
				CLANG_WARN_DIRECT_OBJC_ISA_USAGE = YES_ERROR;
				CLANG_WARN_DOCUMENTATION_COMMENTS = YES;
				CLANG_WARN_EMPTY_BODY = YES;
				CLANG_WARN_ENUM_CONVERSION = YES;
				CLANG_WARN_INFINITE_RECURSION = YES;
				CLANG_WARN_INT_CONVERSION = YES;
				CLANG_WARN_NON_LITERAL_NULL_CONVERSION = YES;
				CLANG_WARN_OBJC_IMPLICIT_RETAIN_SELF = YES;
				CLANG_WARN_OBJC_LITERAL_CONVERSION = YES;
				CLANG_WARN_OBJC_ROOT_CLASS = YES_ERROR;
				CLANG_WARN_QUOTED_INCLUDE_IN_FRAMEWORK_HEADER = YES;
				CLANG_WARN_RANGE_LOOP_ANALYSIS = YES;
				CLANG_WARN_STRICT_PROTOTYPES = YES;
				CLANG_WARN_SUSPICIOUS_MOVE = YES;
				CLANG_WARN_UNGUARDED_AVAILABILITY = YES_AGGRESSIVE;
				CLANG_WARN_UNREACHABLE_CODE = YES;
				CLANG_WARN__DUPLICATE_METHOD_MATCH = YES;
				COPY_PHASE_STRIP = NO;
				DEBUG_INFORMATION_FORMAT = dwarf;
				ENABLE_STRICT_OBJC_MSGSEND = YES;
				ENABLE_TESTABILITY = YES;
				GCC_C_LANGUAGE_STANDARD = gnu11;
				GCC_DYNAMIC_NO_PIC = NO;
				GCC_NO_COMMON_BLOCKS = YES;
				GCC_OPTIMIZATION_LEVEL = 0;
				GCC_PREPROCESSOR_DEFINITIONS = (
					"DEBUG=1",
					"$(inherited)",
				);
				GCC_WARN_64_TO_32_BIT_CONVERSION = YES;
				GCC_WARN_ABOUT_RETURN_TYPE = YES_ERROR;
				GCC_WARN_UNDECLARED_SELECTOR = YES;
				GCC_WARN_UNINITIALIZED_AUTOS = YES_AGGRESSIVE;
				GCC_WARN_UNUSED_FUNCTION = YES;
				GCC_WARN_UNUSED_VARIABLE = YES;
				IPHONEOS_DEPLOYMENT_TARGET = 15.4;
				MTL_ENABLE_DEBUG_INFO = INCLUDE_SOURCE;
				MTL_FAST_MATH = YES;
				ONLY_ACTIVE_ARCH = YES;
				SDKROOT = iphoneos;
				SWIFT_ACTIVE_COMPILATION_CONDITIONS = DEBUG;
				SWIFT_OPTIMIZATION_LEVEL = "-Onone";
			};
			name = Debug;
		};
		18AB496B287B439B00D3546B /* Release */ = {
			isa = XCBuildConfiguration;
			buildSettings = {
				ALWAYS_SEARCH_USER_PATHS = NO;
				CLANG_ANALYZER_NONNULL = YES;
				CLANG_ANALYZER_NUMBER_OBJECT_CONVERSION = YES_AGGRESSIVE;
				CLANG_CXX_LANGUAGE_STANDARD = "gnu++17";
				CLANG_ENABLE_MODULES = YES;
				CLANG_ENABLE_OBJC_ARC = YES;
				CLANG_ENABLE_OBJC_WEAK = YES;
				CLANG_WARN_BLOCK_CAPTURE_AUTORELEASING = YES;
				CLANG_WARN_BOOL_CONVERSION = YES;
				CLANG_WARN_COMMA = YES;
				CLANG_WARN_CONSTANT_CONVERSION = YES;
				CLANG_WARN_DEPRECATED_OBJC_IMPLEMENTATIONS = YES;
				CLANG_WARN_DIRECT_OBJC_ISA_USAGE = YES_ERROR;
				CLANG_WARN_DOCUMENTATION_COMMENTS = YES;
				CLANG_WARN_EMPTY_BODY = YES;
				CLANG_WARN_ENUM_CONVERSION = YES;
				CLANG_WARN_INFINITE_RECURSION = YES;
				CLANG_WARN_INT_CONVERSION = YES;
				CLANG_WARN_NON_LITERAL_NULL_CONVERSION = YES;
				CLANG_WARN_OBJC_IMPLICIT_RETAIN_SELF = YES;
				CLANG_WARN_OBJC_LITERAL_CONVERSION = YES;
				CLANG_WARN_OBJC_ROOT_CLASS = YES_ERROR;
				CLANG_WARN_QUOTED_INCLUDE_IN_FRAMEWORK_HEADER = YES;
				CLANG_WARN_RANGE_LOOP_ANALYSIS = YES;
				CLANG_WARN_STRICT_PROTOTYPES = YES;
				CLANG_WARN_SUSPICIOUS_MOVE = YES;
				CLANG_WARN_UNGUARDED_AVAILABILITY = YES_AGGRESSIVE;
				CLANG_WARN_UNREACHABLE_CODE = YES;
				CLANG_WARN__DUPLICATE_METHOD_MATCH = YES;
				COPY_PHASE_STRIP = NO;
				DEBUG_INFORMATION_FORMAT = "dwarf-with-dsym";
				ENABLE_NS_ASSERTIONS = NO;
				ENABLE_STRICT_OBJC_MSGSEND = YES;
				GCC_C_LANGUAGE_STANDARD = gnu11;
				GCC_NO_COMMON_BLOCKS = YES;
				GCC_WARN_64_TO_32_BIT_CONVERSION = YES;
				GCC_WARN_ABOUT_RETURN_TYPE = YES_ERROR;
				GCC_WARN_UNDECLARED_SELECTOR = YES;
				GCC_WARN_UNINITIALIZED_AUTOS = YES_AGGRESSIVE;
				GCC_WARN_UNUSED_FUNCTION = YES;
				GCC_WARN_UNUSED_VARIABLE = YES;
				IPHONEOS_DEPLOYMENT_TARGET = 15.4;
				MTL_ENABLE_DEBUG_INFO = NO;
				MTL_FAST_MATH = YES;
				SDKROOT = iphoneos;
				SWIFT_COMPILATION_MODE = wholemodule;
				SWIFT_OPTIMIZATION_LEVEL = "-O";
				VALIDATE_PRODUCT = YES;
			};
			name = Release;
		};
		18AB496D287B439B00D3546B /* Debug */ = {
			isa = XCBuildConfiguration;
			buildSettings = {
				ASSETCATALOG_COMPILER_APPICON_NAME = AppIcon;
				ASSETCATALOG_COMPILER_GLOBAL_ACCENT_COLOR_NAME = AccentColor;
				CODE_SIGN_STYLE = Automatic;
				CURRENT_PROJECT_VERSION = 1;
				GENERATE_INFOPLIST_FILE = YES;
				INFOPLIST_FILE = GameOfLife/Info.plist;
				INFOPLIST_KEY_UIApplicationSupportsIndirectInputEvents = YES;
				INFOPLIST_KEY_UILaunchStoryboardName = LaunchScreen;
				INFOPLIST_KEY_UIMainStoryboardFile = Main;
				INFOPLIST_KEY_UISupportedInterfaceOrientations_iPad = "UIInterfaceOrientationPortrait UIInterfaceOrientationPortraitUpsideDown UIInterfaceOrientationLandscapeLeft UIInterfaceOrientationLandscapeRight";
				INFOPLIST_KEY_UISupportedInterfaceOrientations_iPhone = "UIInterfaceOrientationPortrait UIInterfaceOrientationLandscapeLeft UIInterfaceOrientationLandscapeRight";
				LD_RUNPATH_SEARCH_PATHS = (
					"$(inherited)",
					"@executable_path/Frameworks",
				);
				MARKETING_VERSION = 1.0;
				PRODUCT_BUNDLE_IDENTIFIER = com.test.GameOfLife;
				PRODUCT_NAME = "$(TARGET_NAME)";
				SWIFT_EMIT_LOC_STRINGS = YES;
				SWIFT_VERSION = 5.0;
				TARGETED_DEVICE_FAMILY = "1,2";
			};
			name = Debug;
		};
		18AB496E287B439B00D3546B /* Release */ = {
			isa = XCBuildConfiguration;
			buildSettings = {
				ASSETCATALOG_COMPILER_APPICON_NAME = AppIcon;
				ASSETCATALOG_COMPILER_GLOBAL_ACCENT_COLOR_NAME = AccentColor;
				CODE_SIGN_STYLE = Automatic;
				CURRENT_PROJECT_VERSION = 1;
				GENERATE_INFOPLIST_FILE = YES;
				INFOPLIST_FILE = GameOfLife/Info.plist;
				INFOPLIST_KEY_UIApplicationSupportsIndirectInputEvents = YES;
				INFOPLIST_KEY_UILaunchStoryboardName = LaunchScreen;
				INFOPLIST_KEY_UIMainStoryboardFile = Main;
				INFOPLIST_KEY_UISupportedInterfaceOrientations_iPad = "UIInterfaceOrientationPortrait UIInterfaceOrientationPortraitUpsideDown UIInterfaceOrientationLandscapeLeft UIInterfaceOrientationLandscapeRight";
				INFOPLIST_KEY_UISupportedInterfaceOrientations_iPhone = "UIInterfaceOrientationPortrait UIInterfaceOrientationLandscapeLeft UIInterfaceOrientationLandscapeRight";
				LD_RUNPATH_SEARCH_PATHS = (
					"$(inherited)",
					"@executable_path/Frameworks",
				);
				MARKETING_VERSION = 1.0;
				PRODUCT_BUNDLE_IDENTIFIER = com.test.GameOfLife;
				PRODUCT_NAME = "$(TARGET_NAME)";
				SWIFT_EMIT_LOC_STRINGS = YES;
				SWIFT_VERSION = 5.0;
				TARGETED_DEVICE_FAMILY = "1,2";
			};
			name = Release;
		};
		18AB4970287B439B00D3546B /* Debug */ = {
			isa = XCBuildConfiguration;
			buildSettings = {
				ALWAYS_EMBED_SWIFT_STANDARD_LIBRARIES = YES;
				BUNDLE_LOADER = "$(TEST_HOST)";
				CODE_SIGN_STYLE = Automatic;
				CURRENT_PROJECT_VERSION = 1;
				GENERATE_INFOPLIST_FILE = YES;
				IPHONEOS_DEPLOYMENT_TARGET = 15.4;
				MARKETING_VERSION = 1.0;
				PRODUCT_BUNDLE_IDENTIFIER = com.test.GameOfLifeTests;
				PRODUCT_NAME = "$(TARGET_NAME)";
				SWIFT_EMIT_LOC_STRINGS = NO;
				SWIFT_VERSION = 5.0;
				TARGETED_DEVICE_FAMILY = "1,2";
				TEST_HOST = "$(BUILT_PRODUCTS_DIR)/GameOfLife.app/GameOfLife";
			};
			name = Debug;
		};
		18AB4971287B439B00D3546B /* Release */ = {
			isa = XCBuildConfiguration;
			buildSettings = {
				ALWAYS_EMBED_SWIFT_STANDARD_LIBRARIES = YES;
				BUNDLE_LOADER = "$(TEST_HOST)";
				CODE_SIGN_STYLE = Automatic;
				CURRENT_PROJECT_VERSION = 1;
				GENERATE_INFOPLIST_FILE = YES;
				IPHONEOS_DEPLOYMENT_TARGET = 15.4;
				MARKETING_VERSION = 1.0;
				PRODUCT_BUNDLE_IDENTIFIER = com.test.GameOfLifeTests;
				PRODUCT_NAME = "$(TARGET_NAME)";
				SWIFT_EMIT_LOC_STRINGS = NO;
				SWIFT_VERSION = 5.0;
				TARGETED_DEVICE_FAMILY = "1,2";
				TEST_HOST = "$(BUILT_PRODUCTS_DIR)/GameOfLife.app/GameOfLife";
			};
			name = Release;
		};
		18AB4973287B439B00D3546B /* Debug */ = {
			isa = XCBuildConfiguration;
			buildSettings = {
				ALWAYS_EMBED_SWIFT_STANDARD_LIBRARIES = YES;
				CODE_SIGN_STYLE = Automatic;
				CURRENT_PROJECT_VERSION = 1;
				GENERATE_INFOPLIST_FILE = YES;
				MARKETING_VERSION = 1.0;
				PRODUCT_BUNDLE_IDENTIFIER = com.test.GameOfLifeUITests;
				PRODUCT_NAME = "$(TARGET_NAME)";
				SWIFT_EMIT_LOC_STRINGS = NO;
				SWIFT_VERSION = 5.0;
				TARGETED_DEVICE_FAMILY = "1,2";
				TEST_TARGET_NAME = GameOfLife;
			};
			name = Debug;
		};
		18AB4974287B439B00D3546B /* Release */ = {
			isa = XCBuildConfiguration;
			buildSettings = {
				ALWAYS_EMBED_SWIFT_STANDARD_LIBRARIES = YES;
				CODE_SIGN_STYLE = Automatic;
				CURRENT_PROJECT_VERSION = 1;
				GENERATE_INFOPLIST_FILE = YES;
				MARKETING_VERSION = 1.0;
				PRODUCT_BUNDLE_IDENTIFIER = com.test.GameOfLifeUITests;
				PRODUCT_NAME = "$(TARGET_NAME)";
				SWIFT_EMIT_LOC_STRINGS = NO;
				SWIFT_VERSION = 5.0;
				TARGETED_DEVICE_FAMILY = "1,2";
				TEST_TARGET_NAME = GameOfLife;
			};
			name = Release;
		};
/* End XCBuildConfiguration section */

/* Begin XCConfigurationList section */
		18AB493D287B439A00D3546B /* Build configuration list for PBXProject "GameOfLife" */ = {
			isa = XCConfigurationList;
			buildConfigurations = (
				18AB496A287B439B00D3546B /* Debug */,
				18AB496B287B439B00D3546B /* Release */,
			);
			defaultConfigurationIsVisible = 0;
			defaultConfigurationName = Release;
		};
		18AB496C287B439B00D3546B /* Build configuration list for PBXNativeTarget "GameOfLife" */ = {
			isa = XCConfigurationList;
			buildConfigurations = (
				18AB496D287B439B00D3546B /* Debug */,
				18AB496E287B439B00D3546B /* Release */,
			);
			defaultConfigurationIsVisible = 0;
			defaultConfigurationName = Release;
		};
		18AB496F287B439B00D3546B /* Build configuration list for PBXNativeTarget "GameOfLifeTests" */ = {
			isa = XCConfigurationList;
			buildConfigurations = (
				18AB4970287B439B00D3546B /* Debug */,
				18AB4971287B439B00D3546B /* Release */,
			);
			defaultConfigurationIsVisible = 0;
			defaultConfigurationName = Release;
		};
		18AB4972287B439B00D3546B /* Build configuration list for PBXNativeTarget "GameOfLifeUITests" */ = {
			isa = XCConfigurationList;
			buildConfigurations = (
				18AB4973287B439B00D3546B /* Debug */,
				18AB4974287B439B00D3546B /* Release */,
			);
			defaultConfigurationIsVisible = 0;
			defaultConfigurationName = Release;
		};
/* End XCConfigurationList section */
	};
	rootObject = 18AB493A287B439A00D3546B /* Project object */;
}
